// !$*UTF8*$!
{
	archiveVersion = 1;
	classes = {
	};
	objectVersion = 51;
	objects = {

/* Begin PBXBuildFile section */
		152AB1E134BD6C2443D805B5 /* Pods_TestGitHubProj.framework in Frameworks */ = {isa = PBXBuildFile; fileRef = 66D4F64EC17AE20B2CB5D389 /* Pods_TestGitHubProj.framework */; };
		3F74499E252F141800352A78 /* FirebaseUsersViewController.swift in Sources */ = {isa = PBXBuildFile; fileRef = 3F74499D252F141800352A78 /* FirebaseUsersViewController.swift */; };
		3F7449AA252F296F00352A78 /* UserViewController.swift in Sources */ = {isa = PBXBuildFile; fileRef = 3F7449A9252F296F00352A78 /* UserViewController.swift */; };
		3F7E41DF251F40160020F715 /* Anastasia.storyboard in Resources */ = {isa = PBXBuildFile; fileRef = 3F7E41DE251F40160020F715 /* Anastasia.storyboard */; };
		3F805227252B1DF9001B7FF7 /* RequestViewController.swift in Sources */ = {isa = PBXBuildFile; fileRef = 3F805226252B1DF9001B7FF7 /* RequestViewController.swift */; };
		3F80522A252B1EE8001B7FF7 /* User.swift in Sources */ = {isa = PBXBuildFile; fileRef = 3F805229252B1EE8001B7FF7 /* User.swift */; };
		3F80522F252B20AE001B7FF7 /* NetworkingService.swift in Sources */ = {isa = PBXBuildFile; fileRef = 3F80522E252B20AE001B7FF7 /* NetworkingService.swift */; };
		3F89B4E52530979500367C81 /* UserInfoStoryboard.storyboard in Resources */ = {isa = PBXBuildFile; fileRef = 3F89B4E42530979500367C81 /* UserInfoStoryboard.storyboard */; };
		3F89B50025309C4800367C81 /* ImageCell.swift in Sources */ = {isa = PBXBuildFile; fileRef = 3F89B4FE25309C4800367C81 /* ImageCell.swift */; };
		3F89B50125309C4800367C81 /* ImageCell.xib in Resources */ = {isa = PBXBuildFile; fileRef = 3F89B4FF25309C4800367C81 /* ImageCell.xib */; };
		3FF531D125274C8F00B4959A /* TextViewController.swift in Sources */ = {isa = PBXBuildFile; fileRef = 3FF531CD25274C8F00B4959A /* TextViewController.swift */; };
		3FF531D225274C8F00B4959A /* MoreButtonState.swift in Sources */ = {isa = PBXBuildFile; fileRef = 3FF531CE25274C8F00B4959A /* MoreButtonState.swift */; };
		3FF531D325274C8F00B4959A /* text.txt in Resources */ = {isa = PBXBuildFile; fileRef = 3FF531CF25274C8F00B4959A /* text.txt */; };
		3FF531D425274C8F00B4959A /* AnastasiaViewController.swift in Sources */ = {isa = PBXBuildFile; fileRef = 3FF531D025274C8F00B4959A /* AnastasiaViewController.swift */; };
		495472E9251F191F0022AD8E /* AppDelegate.swift in Sources */ = {isa = PBXBuildFile; fileRef = 495472E8251F191F0022AD8E /* AppDelegate.swift */; };
		495472EB251F191F0022AD8E /* SceneDelegate.swift in Sources */ = {isa = PBXBuildFile; fileRef = 495472EA251F191F0022AD8E /* SceneDelegate.swift */; };
		495472ED251F191F0022AD8E /* ViewController.swift in Sources */ = {isa = PBXBuildFile; fileRef = 495472EC251F191F0022AD8E /* ViewController.swift */; };
		495472F0251F191F0022AD8E /* Main.storyboard in Resources */ = {isa = PBXBuildFile; fileRef = 495472EE251F191F0022AD8E /* Main.storyboard */; };
		495472F2251F19260022AD8E /* Assets.xcassets in Resources */ = {isa = PBXBuildFile; fileRef = 495472F1251F19260022AD8E /* Assets.xcassets */; };
		495472F5251F19260022AD8E /* LaunchScreen.storyboard in Resources */ = {isa = PBXBuildFile; fileRef = 495472F3251F19260022AD8E /* LaunchScreen.storyboard */; };
		4988DA162528BA40009A7EA8 /* GoogleService-Info.plist in Resources */ = {isa = PBXBuildFile; fileRef = 4988DA152528BA40009A7EA8 /* GoogleService-Info.plist */; };
		640B02FA252CE4A600B9D530 /* ShowImageStoryboard.storyboard in Resources */ = {isa = PBXBuildFile; fileRef = 640B02F9252CE4A600B9D530 /* ShowImageStoryboard.storyboard */; };
		640B02FD252CE4B700B9D530 /* ShowImageViewController.swift in Sources */ = {isa = PBXBuildFile; fileRef = 640B02FC252CE4B700B9D530 /* ShowImageViewController.swift */; };
		6415F1F8253398FA0067A01F /* CircleViewController.swift in Sources */ = {isa = PBXBuildFile; fileRef = 6415F1F7253398FA0067A01F /* CircleViewController.swift */; };
		6415F1FB2533991A0067A01F /* CircleStoryboard.storyboard in Resources */ = {isa = PBXBuildFile; fileRef = 6415F1FA2533991A0067A01F /* CircleStoryboard.storyboard */; };
		641AEE0C252FC42700275227 /* ApiViewController.swift in Sources */ = {isa = PBXBuildFile; fileRef = 641AEE0B252FC42700275227 /* ApiViewController.swift */; };
		641AEE10252FC43C00275227 /* ApiStoryboard.storyboard in Resources */ = {isa = PBXBuildFile; fileRef = 641AEE0F252FC43C00275227 /* ApiStoryboard.storyboard */; };
		641AEE15252FC47B00275227 /* ApiTableViewCell.swift in Sources */ = {isa = PBXBuildFile; fileRef = 641AEE13252FC47B00275227 /* ApiTableViewCell.swift */; };
		641AEE16252FC47B00275227 /* ApiTableViewCell.xib in Resources */ = {isa = PBXBuildFile; fileRef = 641AEE14252FC47B00275227 /* ApiTableViewCell.xib */; };
		642089252527489D00B9A1E1 /* PinchViewController.swift in Sources */ = {isa = PBXBuildFile; fileRef = 642089242527489D00B9A1E1 /* PinchViewController.swift */; };
		6420892C252870A800B9A1E1 /* avatar2.jpg in Resources */ = {isa = PBXBuildFile; fileRef = 6420892B252870A800B9A1E1 /* avatar2.jpg */; };
		647A9F69252B8CC800E340D1 /* ImageListViewController.swift in Sources */ = {isa = PBXBuildFile; fileRef = 647A9F68252B8CC800E340D1 /* ImageListViewController.swift */; };
		647A9F6C252B8CE000E340D1 /* ImageListStoryboard.storyboard in Resources */ = {isa = PBXBuildFile; fileRef = 647A9F6B252B8CE000E340D1 /* ImageListStoryboard.storyboard */; };
		647A9F72252C951400E340D1 /* List.swift in Sources */ = {isa = PBXBuildFile; fileRef = 647A9F71252C951400E340D1 /* List.swift */; };
		648425DB251FC9900039B1F1 /* ViacheslavViewController.swift in Sources */ = {isa = PBXBuildFile; fileRef = 648425DA251FC9900039B1F1 /* ViacheslavViewController.swift */; };
		648425E425224A4B0039B1F1 /* ViacheslavWebViewController.swift in Sources */ = {isa = PBXBuildFile; fileRef = 648425E325224A4B0039B1F1 /* ViacheslavWebViewController.swift */; };
		64C9925F25239F4F00676069 /* ViacheslavS.storyboard in Resources */ = {isa = PBXBuildFile; fileRef = 648425DD251FC9960039B1F1 /* ViacheslavS.storyboard */; };
		64C992642523BCDA00676069 /* ImageStoryboard.storyboard in Resources */ = {isa = PBXBuildFile; fileRef = 64C992632523BCDA00676069 /* ImageStoryboard.storyboard */; };
		64C992672523BD0700676069 /* ImageViewController.swift in Sources */ = {isa = PBXBuildFile; fileRef = 64C992662523BD0700676069 /* ImageViewController.swift */; };
		64C9926C252604F000676069 /* PinchStoryboard.storyboard in Resources */ = {isa = PBXBuildFile; fileRef = 64C9926B252604F000676069 /* PinchStoryboard.storyboard */; };
		64C9927B25260B8C00676069 /* ImageScrollView.swift in Sources */ = {isa = PBXBuildFile; fileRef = 64C9927A25260B8C00676069 /* ImageScrollView.swift */; };
		64D886EE252F8B4A0074EDBC /* ImageTableViewCell.swift in Sources */ = {isa = PBXBuildFile; fileRef = 64D886EC252F8B4A0074EDBC /* ImageTableViewCell.swift */; };
		64D886EF252F8B4A0074EDBC /* ImageTableViewCell.xib in Resources */ = {isa = PBXBuildFile; fileRef = 64D886ED252F8B4A0074EDBC /* ImageTableViewCell.xib */; };
		84478A882531CF440025415C /* dragAndDrop.storyboard in Resources */ = {isa = PBXBuildFile; fileRef = 84478A872531CF440025415C /* dragAndDrop.storyboard */; };
		84478A8C2531D0650025415C /* dragAndDropViewController.swift in Sources */ = {isa = PBXBuildFile; fileRef = 84478A8B2531D0650025415C /* dragAndDropViewController.swift */; };
		846F3D56252B89380061E242 /* UsersTableViewController.swift in Sources */ = {isa = PBXBuildFile; fileRef = 846F3D55252B89380061E242 /* UsersTableViewController.swift */; };
		84746823251FBAFA00F4D3E7 /* TextViewViewController.swift in Sources */ = {isa = PBXBuildFile; fileRef = 84746822251FBAFA00F4D3E7 /* TextViewViewController.swift */; };
		849019D4252B97B1000D8037 /* UsersTableViewCell.swift in Sources */ = {isa = PBXBuildFile; fileRef = 849019D2252B97B1000D8037 /* UsersTableViewCell.swift */; };
		849019D5252B97B1000D8037 /* UsersTableViewCell.xib in Resources */ = {isa = PBXBuildFile; fileRef = 849019D3252B97B1000D8037 /* UsersTableViewCell.xib */; };
		84A84F00251F9C6A00ACC578 /* Stepan.storyboard in Resources */ = {isa = PBXBuildFile; fileRef = 84A84EFF251F9C6A00ACC578 /* Stepan.storyboard */; };
		84D5D2DD251F8DF300E854BD /* StepanViewController.swift in Sources */ = {isa = PBXBuildFile; fileRef = 84D5D2DC251F8DF300E854BD /* StepanViewController.swift */; };
		84F91E3A25286BC6002CD19A /* FirebaseViewController.swift in Sources */ = {isa = PBXBuildFile; fileRef = 84F91E3925286BC6002CD19A /* FirebaseViewController.swift */; };
		BA1AA9D625209335001C839F /* Svitlana.storyboard in Resources */ = {isa = PBXBuildFile; fileRef = BA1AA9D525209335001C839F /* Svitlana.storyboard */; };
		BA1AA9DB25209685001C839F /* SvitlanaViewController.swift in Sources */ = {isa = PBXBuildFile; fileRef = BA1AA9DA25209685001C839F /* SvitlanaViewController.swift */; };
		BA1AA9E62520DE51001C839F /* SvitlanaTextView.storyboard in Resources */ = {isa = PBXBuildFile; fileRef = BA1AA9E52520DE51001C839F /* SvitlanaTextView.storyboard */; };
		BA1AA9EA2520DF49001C839F /* SvitlanaTextViewController.swift in Sources */ = {isa = PBXBuildFile; fileRef = BA1AA9E92520DF49001C839F /* SvitlanaTextViewController.swift */; };
		BA2660532537026D0042C0BA /* UserTableViewCell.swift in Sources */ = {isa = PBXBuildFile; fileRef = BA2660512537026D0042C0BA /* UserTableViewCell.swift */; };
		BA2660542537026D0042C0BA /* UserTableViewCell.xib in Resources */ = {isa = PBXBuildFile; fileRef = BA2660522537026D0042C0BA /* UserTableViewCell.xib */; };
		BA54C314252F7A480067E4B4 /* CreateUserViewController.swift in Sources */ = {isa = PBXBuildFile; fileRef = BA54C312252F7A480067E4B4 /* CreateUserViewController.swift */; };
		BA54C315252F7A480067E4B4 /* CreateUser.storyboard in Resources */ = {isa = PBXBuildFile; fileRef = BA54C313252F7A480067E4B4 /* CreateUser.storyboard */; };
		BA54C33225302BD70067E4B4 /* TableViewController.swift in Sources */ = {isa = PBXBuildFile; fileRef = BA54C33125302BD60067E4B4 /* TableViewController.swift */; };
		BAB3BBCC252A33680087DDD9 /* FirebaseService.swift in Sources */ = {isa = PBXBuildFile; fileRef = BAB3BBCB252A33680087DDD9 /* FirebaseService.swift */; };
/* End PBXBuildFile section */

/* Begin PBXFileReference section */
		2EECAD94DBB74B58A88AFFE1 /* Pods-TestGitHubProj.debug.xcconfig */ = {isa = PBXFileReference; includeInIndex = 1; lastKnownFileType = text.xcconfig; name = "Pods-TestGitHubProj.debug.xcconfig"; path = "Target Support Files/Pods-TestGitHubProj/Pods-TestGitHubProj.debug.xcconfig"; sourceTree = "<group>"; };
		3F74499D252F141800352A78 /* FirebaseUsersViewController.swift */ = {isa = PBXFileReference; lastKnownFileType = sourcecode.swift; path = FirebaseUsersViewController.swift; sourceTree = "<group>"; };
		3F7449A9252F296F00352A78 /* UserViewController.swift */ = {isa = PBXFileReference; lastKnownFileType = sourcecode.swift; path = UserViewController.swift; sourceTree = "<group>"; };
		3F7E41DE251F40160020F715 /* Anastasia.storyboard */ = {isa = PBXFileReference; lastKnownFileType = file.storyboard; path = Anastasia.storyboard; sourceTree = "<group>"; };
		3F805226252B1DF9001B7FF7 /* RequestViewController.swift */ = {isa = PBXFileReference; lastKnownFileType = sourcecode.swift; path = RequestViewController.swift; sourceTree = "<group>"; };
		3F805229252B1EE8001B7FF7 /* User.swift */ = {isa = PBXFileReference; lastKnownFileType = sourcecode.swift; path = User.swift; sourceTree = "<group>"; };
		3F80522E252B20AE001B7FF7 /* NetworkingService.swift */ = {isa = PBXFileReference; lastKnownFileType = sourcecode.swift; path = NetworkingService.swift; sourceTree = "<group>"; };
		3F89B4E42530979500367C81 /* UserInfoStoryboard.storyboard */ = {isa = PBXFileReference; lastKnownFileType = file.storyboard; path = UserInfoStoryboard.storyboard; sourceTree = "<group>"; };
		3F89B4FE25309C4800367C81 /* ImageCell.swift */ = {isa = PBXFileReference; lastKnownFileType = sourcecode.swift; path = ImageCell.swift; sourceTree = "<group>"; };
		3F89B4FF25309C4800367C81 /* ImageCell.xib */ = {isa = PBXFileReference; lastKnownFileType = file.xib; path = ImageCell.xib; sourceTree = "<group>"; };
		3FF531CD25274C8F00B4959A /* TextViewController.swift */ = {isa = PBXFileReference; fileEncoding = 4; lastKnownFileType = sourcecode.swift; path = TextViewController.swift; sourceTree = "<group>"; };
		3FF531CE25274C8F00B4959A /* MoreButtonState.swift */ = {isa = PBXFileReference; fileEncoding = 4; lastKnownFileType = sourcecode.swift; path = MoreButtonState.swift; sourceTree = "<group>"; };
		3FF531CF25274C8F00B4959A /* text.txt */ = {isa = PBXFileReference; fileEncoding = 4; lastKnownFileType = text; path = text.txt; sourceTree = "<group>"; };
		3FF531D025274C8F00B4959A /* AnastasiaViewController.swift */ = {isa = PBXFileReference; fileEncoding = 4; lastKnownFileType = sourcecode.swift; path = AnastasiaViewController.swift; sourceTree = "<group>"; };
		495472E5251F191F0022AD8E /* TestGitHubProj.app */ = {isa = PBXFileReference; explicitFileType = wrapper.application; includeInIndex = 0; path = TestGitHubProj.app; sourceTree = BUILT_PRODUCTS_DIR; };
		495472E8251F191F0022AD8E /* AppDelegate.swift */ = {isa = PBXFileReference; lastKnownFileType = sourcecode.swift; path = AppDelegate.swift; sourceTree = "<group>"; };
		495472EA251F191F0022AD8E /* SceneDelegate.swift */ = {isa = PBXFileReference; lastKnownFileType = sourcecode.swift; path = SceneDelegate.swift; sourceTree = "<group>"; };
		495472EC251F191F0022AD8E /* ViewController.swift */ = {isa = PBXFileReference; lastKnownFileType = sourcecode.swift; path = ViewController.swift; sourceTree = "<group>"; };
		495472EF251F191F0022AD8E /* Base */ = {isa = PBXFileReference; lastKnownFileType = file.storyboard; name = Base; path = Base.lproj/Main.storyboard; sourceTree = "<group>"; };
		495472F1251F19260022AD8E /* Assets.xcassets */ = {isa = PBXFileReference; lastKnownFileType = folder.assetcatalog; path = Assets.xcassets; sourceTree = "<group>"; };
		495472F4251F19260022AD8E /* Base */ = {isa = PBXFileReference; lastKnownFileType = file.storyboard; name = Base; path = Base.lproj/LaunchScreen.storyboard; sourceTree = "<group>"; };
		495472F6251F19260022AD8E /* Info.plist */ = {isa = PBXFileReference; lastKnownFileType = text.plist.xml; path = Info.plist; sourceTree = "<group>"; };
		4988DA152528BA40009A7EA8 /* GoogleService-Info.plist */ = {isa = PBXFileReference; fileEncoding = 4; lastKnownFileType = text.plist.xml; path = "GoogleService-Info.plist"; sourceTree = "<group>"; };
		640B02F9252CE4A600B9D530 /* ShowImageStoryboard.storyboard */ = {isa = PBXFileReference; lastKnownFileType = file.storyboard; path = ShowImageStoryboard.storyboard; sourceTree = "<group>"; };
		640B02FC252CE4B700B9D530 /* ShowImageViewController.swift */ = {isa = PBXFileReference; lastKnownFileType = sourcecode.swift; path = ShowImageViewController.swift; sourceTree = "<group>"; };
		6415F1F7253398FA0067A01F /* CircleViewController.swift */ = {isa = PBXFileReference; lastKnownFileType = sourcecode.swift; path = CircleViewController.swift; sourceTree = "<group>"; };
		6415F1FA2533991A0067A01F /* CircleStoryboard.storyboard */ = {isa = PBXFileReference; lastKnownFileType = file.storyboard; path = CircleStoryboard.storyboard; sourceTree = "<group>"; };
		641AEE0B252FC42700275227 /* ApiViewController.swift */ = {isa = PBXFileReference; lastKnownFileType = sourcecode.swift; path = ApiViewController.swift; sourceTree = "<group>"; };
		641AEE0F252FC43C00275227 /* ApiStoryboard.storyboard */ = {isa = PBXFileReference; lastKnownFileType = file.storyboard; path = ApiStoryboard.storyboard; sourceTree = "<group>"; };
		641AEE13252FC47B00275227 /* ApiTableViewCell.swift */ = {isa = PBXFileReference; lastKnownFileType = sourcecode.swift; path = ApiTableViewCell.swift; sourceTree = "<group>"; };
		641AEE14252FC47B00275227 /* ApiTableViewCell.xib */ = {isa = PBXFileReference; lastKnownFileType = file.xib; path = ApiTableViewCell.xib; sourceTree = "<group>"; };
		642089242527489D00B9A1E1 /* PinchViewController.swift */ = {isa = PBXFileReference; lastKnownFileType = sourcecode.swift; path = PinchViewController.swift; sourceTree = "<group>"; };
		6420892B252870A800B9A1E1 /* avatar2.jpg */ = {isa = PBXFileReference; lastKnownFileType = image.jpeg; path = avatar2.jpg; sourceTree = "<group>"; };
		647A9F68252B8CC800E340D1 /* ImageListViewController.swift */ = {isa = PBXFileReference; lastKnownFileType = sourcecode.swift; path = ImageListViewController.swift; sourceTree = "<group>"; };
		647A9F6B252B8CE000E340D1 /* ImageListStoryboard.storyboard */ = {isa = PBXFileReference; lastKnownFileType = file.storyboard; path = ImageListStoryboard.storyboard; sourceTree = "<group>"; };
		647A9F71252C951400E340D1 /* List.swift */ = {isa = PBXFileReference; lastKnownFileType = sourcecode.swift; path = List.swift; sourceTree = "<group>"; };
		648425DA251FC9900039B1F1 /* ViacheslavViewController.swift */ = {isa = PBXFileReference; lastKnownFileType = sourcecode.swift; path = ViacheslavViewController.swift; sourceTree = "<group>"; };
		648425DD251FC9960039B1F1 /* ViacheslavS.storyboard */ = {isa = PBXFileReference; lastKnownFileType = file.storyboard; path = ViacheslavS.storyboard; sourceTree = "<group>"; };
		648425E325224A4B0039B1F1 /* ViacheslavWebViewController.swift */ = {isa = PBXFileReference; lastKnownFileType = sourcecode.swift; path = ViacheslavWebViewController.swift; sourceTree = "<group>"; };
		64C992632523BCDA00676069 /* ImageStoryboard.storyboard */ = {isa = PBXFileReference; lastKnownFileType = file.storyboard; path = ImageStoryboard.storyboard; sourceTree = "<group>"; };
		64C992662523BD0700676069 /* ImageViewController.swift */ = {isa = PBXFileReference; lastKnownFileType = sourcecode.swift; path = ImageViewController.swift; sourceTree = "<group>"; };
		64C9926B252604F000676069 /* PinchStoryboard.storyboard */ = {isa = PBXFileReference; lastKnownFileType = file.storyboard; path = PinchStoryboard.storyboard; sourceTree = "<group>"; };
		64C9927A25260B8C00676069 /* ImageScrollView.swift */ = {isa = PBXFileReference; lastKnownFileType = sourcecode.swift; path = ImageScrollView.swift; sourceTree = "<group>"; };
		64D886EC252F8B4A0074EDBC /* ImageTableViewCell.swift */ = {isa = PBXFileReference; lastKnownFileType = sourcecode.swift; path = ImageTableViewCell.swift; sourceTree = "<group>"; };
		64D886ED252F8B4A0074EDBC /* ImageTableViewCell.xib */ = {isa = PBXFileReference; lastKnownFileType = file.xib; path = ImageTableViewCell.xib; sourceTree = "<group>"; };
		66D4F64EC17AE20B2CB5D389 /* Pods_TestGitHubProj.framework */ = {isa = PBXFileReference; explicitFileType = wrapper.framework; includeInIndex = 0; path = Pods_TestGitHubProj.framework; sourceTree = BUILT_PRODUCTS_DIR; };
		84478A872531CF440025415C /* dragAndDrop.storyboard */ = {isa = PBXFileReference; lastKnownFileType = file.storyboard; path = dragAndDrop.storyboard; sourceTree = "<group>"; };
		84478A8B2531D0650025415C /* dragAndDropViewController.swift */ = {isa = PBXFileReference; lastKnownFileType = sourcecode.swift; path = dragAndDropViewController.swift; sourceTree = "<group>"; };
		846F3D55252B89380061E242 /* UsersTableViewController.swift */ = {isa = PBXFileReference; lastKnownFileType = sourcecode.swift; path = UsersTableViewController.swift; sourceTree = "<group>"; };
		84746822251FBAFA00F4D3E7 /* TextViewViewController.swift */ = {isa = PBXFileReference; lastKnownFileType = sourcecode.swift; path = TextViewViewController.swift; sourceTree = "<group>"; };
		849019D2252B97B1000D8037 /* UsersTableViewCell.swift */ = {isa = PBXFileReference; lastKnownFileType = sourcecode.swift; path = UsersTableViewCell.swift; sourceTree = "<group>"; };
		849019D3252B97B1000D8037 /* UsersTableViewCell.xib */ = {isa = PBXFileReference; lastKnownFileType = file.xib; path = UsersTableViewCell.xib; sourceTree = "<group>"; };
		84A84EFF251F9C6A00ACC578 /* Stepan.storyboard */ = {isa = PBXFileReference; lastKnownFileType = file.storyboard; path = Stepan.storyboard; sourceTree = "<group>"; };
		84D5D2DC251F8DF300E854BD /* StepanViewController.swift */ = {isa = PBXFileReference; lastKnownFileType = sourcecode.swift; name = StepanViewController.swift; path = TestGitHubProj/StepanViewController.swift; sourceTree = SOURCE_ROOT; };
		84F91E3925286BC6002CD19A /* FirebaseViewController.swift */ = {isa = PBXFileReference; fileEncoding = 4; lastKnownFileType = sourcecode.swift; path = FirebaseViewController.swift; sourceTree = "<group>"; };
		9FD3F08BAD193EFD517D7B8A /* Pods-TestGitHubProj.release.xcconfig */ = {isa = PBXFileReference; includeInIndex = 1; lastKnownFileType = text.xcconfig; name = "Pods-TestGitHubProj.release.xcconfig"; path = "Target Support Files/Pods-TestGitHubProj/Pods-TestGitHubProj.release.xcconfig"; sourceTree = "<group>"; };
		BA1AA9D525209335001C839F /* Svitlana.storyboard */ = {isa = PBXFileReference; lastKnownFileType = file.storyboard; path = Svitlana.storyboard; sourceTree = "<group>"; };
		BA1AA9DA25209685001C839F /* SvitlanaViewController.swift */ = {isa = PBXFileReference; lastKnownFileType = sourcecode.swift; path = SvitlanaViewController.swift; sourceTree = "<group>"; };
		BA1AA9E52520DE51001C839F /* SvitlanaTextView.storyboard */ = {isa = PBXFileReference; lastKnownFileType = file.storyboard; path = SvitlanaTextView.storyboard; sourceTree = "<group>"; };
		BA1AA9E92520DF49001C839F /* SvitlanaTextViewController.swift */ = {isa = PBXFileReference; lastKnownFileType = sourcecode.swift; path = SvitlanaTextViewController.swift; sourceTree = "<group>"; };
		BA2660512537026D0042C0BA /* UserTableViewCell.swift */ = {isa = PBXFileReference; lastKnownFileType = sourcecode.swift; path = UserTableViewCell.swift; sourceTree = "<group>"; };
		BA2660522537026D0042C0BA /* UserTableViewCell.xib */ = {isa = PBXFileReference; lastKnownFileType = file.xib; path = UserTableViewCell.xib; sourceTree = "<group>"; };
		BA54C312252F7A480067E4B4 /* CreateUserViewController.swift */ = {isa = PBXFileReference; fileEncoding = 4; lastKnownFileType = sourcecode.swift; path = CreateUserViewController.swift; sourceTree = "<group>"; };
		BA54C313252F7A480067E4B4 /* CreateUser.storyboard */ = {isa = PBXFileReference; fileEncoding = 4; lastKnownFileType = file.storyboard; path = CreateUser.storyboard; sourceTree = "<group>"; };
		BA54C33125302BD60067E4B4 /* TableViewController.swift */ = {isa = PBXFileReference; lastKnownFileType = sourcecode.swift; path = TableViewController.swift; sourceTree = "<group>"; };
		BAB3BBCB252A33680087DDD9 /* FirebaseService.swift */ = {isa = PBXFileReference; lastKnownFileType = sourcecode.swift; path = FirebaseService.swift; sourceTree = "<group>"; };
/* End PBXFileReference section */

/* Begin PBXFrameworksBuildPhase section */
		495472E2251F191E0022AD8E /* Frameworks */ = {
			isa = PBXFrameworksBuildPhase;
			buildActionMask = 2147483647;
			files = (
				152AB1E134BD6C2443D805B5 /* Pods_TestGitHubProj.framework in Frameworks */,
			);
			runOnlyForDeploymentPostprocessing = 0;
		};
/* End PBXFrameworksBuildPhase section */

/* Begin PBXGroup section */
		16E12D7E9918DD6FFFF349D3 /* Pods */ = {
			isa = PBXGroup;
			children = (
				2EECAD94DBB74B58A88AFFE1 /* Pods-TestGitHubProj.debug.xcconfig */,
				9FD3F08BAD193EFD517D7B8A /* Pods-TestGitHubProj.release.xcconfig */,
			);
			path = Pods;
			sourceTree = "<group>";
		};
		3F0D8B1A252DE67D00C090D4 /* TextView */ = {
			isa = PBXGroup;
			children = (
				3FF531CE25274C8F00B4959A /* MoreButtonState.swift */,
				3FF531CF25274C8F00B4959A /* text.txt */,
				3FF531CD25274C8F00B4959A /* TextViewController.swift */,
			);
			path = TextView;
			sourceTree = "<group>";
		};
		3F7E41E1251F401C0020F715 /* Anastasia */ = {
			isa = PBXGroup;
			children = (
				3F89B4E7253097A500367C81 /* Firebase */,
				3F0D8B1A252DE67D00C090D4 /* TextView */,
				3F7E41DE251F40160020F715 /* Anastasia.storyboard */,
				3FF531D025274C8F00B4959A /* AnastasiaViewController.swift */,
				3F805226252B1DF9001B7FF7 /* RequestViewController.swift */,
			);
			path = Anastasia;
			sourceTree = "<group>";
		};
		3F80522C252B1EEF001B7FF7 /* Model */ = {
			isa = PBXGroup;
			children = (
				3F805229252B1EE8001B7FF7 /* User.swift */,
			);
			path = Model;
			sourceTree = "<group>";
		};
		3F89B4E7253097A500367C81 /* Firebase */ = {
			isa = PBXGroup;
			children = (
				3F74499D252F141800352A78 /* FirebaseUsersViewController.swift */,
				3F7449A9252F296F00352A78 /* UserViewController.swift */,
				3F89B4E42530979500367C81 /* UserInfoStoryboard.storyboard */,
				3F89B4FE25309C4800367C81 /* ImageCell.swift */,
				3F89B4FF25309C4800367C81 /* ImageCell.xib */,
			);
			path = Firebase;
			sourceTree = "<group>";
		};
		495472DC251F191E0022AD8E = {
			isa = PBXGroup;
			children = (
				495472E7251F191F0022AD8E /* TestGitHubProj */,
				495472E6251F191F0022AD8E /* Products */,
				16E12D7E9918DD6FFFF349D3 /* Pods */,
				74B29CB454077D45E9B58BC9 /* Frameworks */,
			);
			sourceTree = "<group>";
		};
		495472E6251F191F0022AD8E /* Products */ = {
			isa = PBXGroup;
			children = (
				495472E5251F191F0022AD8E /* TestGitHubProj.app */,
			);
			name = Products;
			sourceTree = "<group>";
		};
		495472E7251F191F0022AD8E /* TestGitHubProj */ = {
			isa = PBXGroup;
			children = (
				3F80522C252B1EEF001B7FF7 /* Model */,
				3F7E41E1251F401C0020F715 /* Anastasia */,
				BAB3BBCA252A33470087DDD9 /* Services */,
				BA1AA9D82520934D001C839F /* Svitlana */,
				84D5D2DA251F3E5D00E854BD /* StepanStoryboard */,
				641CA5DE25238FC700AC0769 /* Viacheslav */,
				495472E8251F191F0022AD8E /* AppDelegate.swift */,
				495472EA251F191F0022AD8E /* SceneDelegate.swift */,
				495472EC251F191F0022AD8E /* ViewController.swift */,
				495472EE251F191F0022AD8E /* Main.storyboard */,
				495472F1251F19260022AD8E /* Assets.xcassets */,
				495472F3251F19260022AD8E /* LaunchScreen.storyboard */,
				4988DA152528BA40009A7EA8 /* GoogleService-Info.plist */,
				495472F6251F19260022AD8E /* Info.plist */,
			);
			path = TestGitHubProj;
			sourceTree = "<group>";
		};
		6415F1FD253399200067A01F /* Circle */ = {
			isa = PBXGroup;
			children = (
				6415F1F7253398FA0067A01F /* CircleViewController.swift */,
				6415F1FA2533991A0067A01F /* CircleStoryboard.storyboard */,
			);
			path = Circle;
			sourceTree = "<group>";
		};
		641AEE0A252FC3F900275227 /* Api */ = {
			isa = PBXGroup;
			children = (
				641AEE0B252FC42700275227 /* ApiViewController.swift */,
				641AEE0F252FC43C00275227 /* ApiStoryboard.storyboard */,
				641AEE12252FC44400275227 /* ApiCell */,
			);
			path = Api;
			sourceTree = "<group>";
		};
		641AEE12252FC44400275227 /* ApiCell */ = {
			isa = PBXGroup;
			children = (
				641AEE13252FC47B00275227 /* ApiTableViewCell.swift */,
				641AEE14252FC47B00275227 /* ApiTableViewCell.xib */,
			);
			path = ApiCell;
			sourceTree = "<group>";
		};
		641CA5DE25238FC700AC0769 /* Viacheslav */ = {
			isa = PBXGroup;
			children = (
				648425DD251FC9960039B1F1 /* ViacheslavS.storyboard */,
				648425DA251FC9900039B1F1 /* ViacheslavViewController.swift */,
				641AEE0A252FC3F900275227 /* Api */,
				64C8C84F253232CD0048AD9B /* Web */,
				64C8C851253232EA0048AD9B /* Scroll */,
				64C8C852253232FF0048AD9B /* Pinch */,
				64C8C854253233180048AD9B /* TableView */,
				6415F1FD253399200067A01F /* Circle */,
			);
			path = Viacheslav;
			sourceTree = "<group>";
		};
		647A9F62252B8BDE00E340D1 /* ImageCell */ = {
			isa = PBXGroup;
			children = (
				64D886EC252F8B4A0074EDBC /* ImageTableViewCell.swift */,
				64D886ED252F8B4A0074EDBC /* ImageTableViewCell.xib */,
			);
			path = ImageCell;
			sourceTree = "<group>";
		};
		64C8C84F253232CD0048AD9B /* Web */ = {
			isa = PBXGroup;
			children = (
				648425E325224A4B0039B1F1 /* ViacheslavWebViewController.swift */,
			);
			path = Web;
			sourceTree = "<group>";
		};
		64C8C851253232EA0048AD9B /* Scroll */ = {
			isa = PBXGroup;
			children = (
				64C992632523BCDA00676069 /* ImageStoryboard.storyboard */,
				64C992662523BD0700676069 /* ImageViewController.swift */,
				6420892B252870A800B9A1E1 /* avatar2.jpg */,
				64C9927A25260B8C00676069 /* ImageScrollView.swift */,
			);
			path = Scroll;
			sourceTree = "<group>";
		};
		64C8C852253232FF0048AD9B /* Pinch */ = {
			isa = PBXGroup;
			children = (
				64C9926B252604F000676069 /* PinchStoryboard.storyboard */,
				642089242527489D00B9A1E1 /* PinchViewController.swift */,
			);
			path = Pinch;
			sourceTree = "<group>";
		};
		64C8C854253233180048AD9B /* TableView */ = {
			isa = PBXGroup;
			children = (
				647A9F68252B8CC800E340D1 /* ImageListViewController.swift */,
				647A9F6B252B8CE000E340D1 /* ImageListStoryboard.storyboard */,
				647A9F71252C951400E340D1 /* List.swift */,
				647A9F62252B8BDE00E340D1 /* ImageCell */,
				640B02F9252CE4A600B9D530 /* ShowImageStoryboard.storyboard */,
				640B02FC252CE4B700B9D530 /* ShowImageViewController.swift */,
			);
			path = TableView;
			sourceTree = "<group>";
		};
		74B29CB454077D45E9B58BC9 /* Frameworks */ = {
			isa = PBXGroup;
			children = (
				66D4F64EC17AE20B2CB5D389 /* Pods_TestGitHubProj.framework */,
			);
			name = Frameworks;
			sourceTree = "<group>";
		};
		84478A862531CF160025415C /* DragAndDrop */ = {
			isa = PBXGroup;
			children = (
				84478A872531CF440025415C /* dragAndDrop.storyboard */,
				84478A8B2531D0650025415C /* dragAndDropViewController.swift */,
			);
			path = DragAndDrop;
			sourceTree = "<group>";
		};
		846F3D48252B885C0061E242 /* UsersTableView */ = {
			isa = PBXGroup;
			children = (
				849019D2252B97B1000D8037 /* UsersTableViewCell.swift */,
				849019D3252B97B1000D8037 /* UsersTableViewCell.xib */,
			);
			path = UsersTableView;
			sourceTree = "<group>";
		};
		84D5D2DA251F3E5D00E854BD /* StepanStoryboard */ = {
			isa = PBXGroup;
			children = (
				84478A862531CF160025415C /* DragAndDrop */,
				846F3D48252B885C0061E242 /* UsersTableView */,
				84D5D2DC251F8DF300E854BD /* StepanViewController.swift */,
				84A84EFF251F9C6A00ACC578 /* Stepan.storyboard */,
				84746822251FBAFA00F4D3E7 /* TextViewViewController.swift */,
				84F91E3925286BC6002CD19A /* FirebaseViewController.swift */,
				846F3D55252B89380061E242 /* UsersTableViewController.swift */,
			);
			path = StepanStoryboard;
			sourceTree = "<group>";
		};
		BA1AA9D82520934D001C839F /* Svitlana */ = {
			isa = PBXGroup;
			children = (
				BA54C33025302B980067E4B4 /* TableView */,
				BA54C311252F7A480067E4B4 /* DBFirebase */,
				BA1AA9E42520DE14001C839F /* TextView */,
				BA1AA9D525209335001C839F /* Svitlana.storyboard */,
				BA1AA9DA25209685001C839F /* SvitlanaViewController.swift */,
			);
			path = Svitlana;
			sourceTree = "<group>";
		};
		BA1AA9E42520DE14001C839F /* TextView */ = {
			isa = PBXGroup;
			children = (
				BA1AA9E52520DE51001C839F /* SvitlanaTextView.storyboard */,
				BA1AA9E92520DF49001C839F /* SvitlanaTextViewController.swift */,
			);
			path = TextView;
			sourceTree = "<group>";
		};
		BA54C311252F7A480067E4B4 /* DBFirebase */ = {
			isa = PBXGroup;
			children = (
				BA54C312252F7A480067E4B4 /* CreateUserViewController.swift */,
				BA54C313252F7A480067E4B4 /* CreateUser.storyboard */,
			);
			path = DBFirebase;
			sourceTree = "<group>";
		};
		BA54C33025302B980067E4B4 /* TableView */ = {
			isa = PBXGroup;
			children = (
				BA54C33125302BD60067E4B4 /* TableViewController.swift */,
				BA2660512537026D0042C0BA /* UserTableViewCell.swift */,
				BA2660522537026D0042C0BA /* UserTableViewCell.xib */,
			);
			path = TableView;
			sourceTree = "<group>";
		};
		BAB3BBCA252A33470087DDD9 /* Services */ = {
			isa = PBXGroup;
			children = (
				3F80522E252B20AE001B7FF7 /* NetworkingService.swift */,
				BAB3BBCB252A33680087DDD9 /* FirebaseService.swift */,
			);
			path = Services;
			sourceTree = "<group>";
		};
/* End PBXGroup section */

/* Begin PBXNativeTarget section */
		495472E4251F191E0022AD8E /* TestGitHubProj */ = {
			isa = PBXNativeTarget;
			buildConfigurationList = 495472F9251F19260022AD8E /* Build configuration list for PBXNativeTarget "TestGitHubProj" */;
			buildPhases = (
				412AD814E6A10C55E3E1E292 /* [CP] Check Pods Manifest.lock */,
				495472E1251F191E0022AD8E /* Sources */,
				495472E2251F191E0022AD8E /* Frameworks */,
				495472E3251F191E0022AD8E /* Resources */,
				4988D935252899F0009A7EA8 /* ShellScript */,
				3D60BE68D3EE3D72904069A6 /* [CP] Embed Pods Frameworks */,
			);
			buildRules = (
			);
			dependencies = (
			);
			name = TestGitHubProj;
			productName = TestGitHubProj;
			productReference = 495472E5251F191F0022AD8E /* TestGitHubProj.app */;
			productType = "com.apple.product-type.application";
		};
/* End PBXNativeTarget section */

/* Begin PBXProject section */
		495472DD251F191E0022AD8E /* Project object */ = {
			isa = PBXProject;
			attributes = {
				LastSwiftUpdateCheck = 1200;
				LastUpgradeCheck = 1200;
				TargetAttributes = {
					495472E4251F191E0022AD8E = {
						CreatedOnToolsVersion = 12.0;
					};
				};
			};
			buildConfigurationList = 495472E0251F191E0022AD8E /* Build configuration list for PBXProject "TestGitHubProj" */;
			compatibilityVersion = "Xcode 9.3";
			developmentRegion = en;
			hasScannedForEncodings = 0;
			knownRegions = (
				en,
				Base,
			);
			mainGroup = 495472DC251F191E0022AD8E;
			productRefGroup = 495472E6251F191F0022AD8E /* Products */;
			projectDirPath = "";
			projectRoot = "";
			targets = (
				495472E4251F191E0022AD8E /* TestGitHubProj */,
			);
		};
/* End PBXProject section */

/* Begin PBXResourcesBuildPhase section */
		495472E3251F191E0022AD8E /* Resources */ = {
			isa = PBXResourcesBuildPhase;
			buildActionMask = 2147483647;
			files = (
				849019D5252B97B1000D8037 /* UsersTableViewCell.xib in Resources */,
				84478A882531CF440025415C /* dragAndDrop.storyboard in Resources */,

				3F89B50125309C4800367C81 /* ImageCell.xib in Resources */,
				4988DA162528BA40009A7EA8 /* GoogleService-Info.plist in Resources */,
				BA54C315252F7A480067E4B4 /* CreateUser.storyboard in Resources */,
				3F7E41DF251F40160020F715 /* Anastasia.storyboard in Resources */,
				3F89B4E52530979500367C81 /* UserInfoStoryboard.storyboard in Resources */,
				640B02FA252CE4A600B9D530 /* ShowImageStoryboard.storyboard in Resources */,
				64C9925F25239F4F00676069 /* ViacheslavS.storyboard in Resources */,
				641AEE10252FC43C00275227 /* ApiStoryboard.storyboard in Resources */,
				BA1AA9E62520DE51001C839F /* SvitlanaTextView.storyboard in Resources */,
				64C9926C252604F000676069 /* PinchStoryboard.storyboard in Resources */,
				6420892C252870A800B9A1E1 /* avatar2.jpg in Resources */,
				641AEE16252FC47B00275227 /* ApiTableViewCell.xib in Resources */,
				BA1AA9D625209335001C839F /* Svitlana.storyboard in Resources */,
				495472F5251F19260022AD8E /* LaunchScreen.storyboard in Resources */,
				495472F2251F19260022AD8E /* Assets.xcassets in Resources */,
				BA2660542537026D0042C0BA /* UserTableViewCell.xib in Resources */,
				64C992642523BCDA00676069 /* ImageStoryboard.storyboard in Resources */,
				495472F0251F191F0022AD8E /* Main.storyboard in Resources */,
				84A84F00251F9C6A00ACC578 /* Stepan.storyboard in Resources */,
				64D886EF252F8B4A0074EDBC /* ImageTableViewCell.xib in Resources */,
				647A9F6C252B8CE000E340D1 /* ImageListStoryboard.storyboard in Resources */,
				6415F1FB2533991A0067A01F /* CircleStoryboard.storyboard in Resources */,
				3FF531D325274C8F00B4959A /* text.txt in Resources */,
			);
			runOnlyForDeploymentPostprocessing = 0;
		};
/* End PBXResourcesBuildPhase section */

/* Begin PBXShellScriptBuildPhase section */
		3D60BE68D3EE3D72904069A6 /* [CP] Embed Pods Frameworks */ = {
			isa = PBXShellScriptBuildPhase;
			buildActionMask = 2147483647;
			files = (
			);
			inputFileListPaths = (
				"${PODS_ROOT}/Target Support Files/Pods-TestGitHubProj/Pods-TestGitHubProj-frameworks-${CONFIGURATION}-input-files.xcfilelist",
			);
			name = "[CP] Embed Pods Frameworks";
			outputFileListPaths = (
				"${PODS_ROOT}/Target Support Files/Pods-TestGitHubProj/Pods-TestGitHubProj-frameworks-${CONFIGURATION}-output-files.xcfilelist",
			);
			runOnlyForDeploymentPostprocessing = 0;
			shellPath = /bin/sh;
			shellScript = "\"${PODS_ROOT}/Target Support Files/Pods-TestGitHubProj/Pods-TestGitHubProj-frameworks.sh\"\n";
			showEnvVarsInLog = 0;
		};
		412AD814E6A10C55E3E1E292 /* [CP] Check Pods Manifest.lock */ = {
			isa = PBXShellScriptBuildPhase;
			buildActionMask = 2147483647;
			files = (
			);
			inputFileListPaths = (
			);
			inputPaths = (
				"${PODS_PODFILE_DIR_PATH}/Podfile.lock",
				"${PODS_ROOT}/Manifest.lock",
			);
			name = "[CP] Check Pods Manifest.lock";
			outputFileListPaths = (
			);
			outputPaths = (
				"$(DERIVED_FILE_DIR)/Pods-TestGitHubProj-checkManifestLockResult.txt",
			);
			runOnlyForDeploymentPostprocessing = 0;
			shellPath = /bin/sh;
			shellScript = "diff \"${PODS_PODFILE_DIR_PATH}/Podfile.lock\" \"${PODS_ROOT}/Manifest.lock\" > /dev/null\nif [ $? != 0 ] ; then\n    # print error to STDERR\n    echo \"error: The sandbox is not in sync with the Podfile.lock. Run 'pod install' or update your CocoaPods installation.\" >&2\n    exit 1\nfi\n# This output is used by Xcode 'outputs' to avoid re-running this script phase.\necho \"SUCCESS\" > \"${SCRIPT_OUTPUT_FILE_0}\"\n";
			showEnvVarsInLog = 0;
		};
		4988D935252899F0009A7EA8 /* ShellScript */ = {
			isa = PBXShellScriptBuildPhase;
			buildActionMask = 2147483647;
			files = (
			);
			inputFileListPaths = (
			);
			inputPaths = (
			);
			outputFileListPaths = (
			);
			outputPaths = (
			);
			runOnlyForDeploymentPostprocessing = 0;
			shellPath = /bin/sh;
			shellScript = "\"${PODS_ROOT}/SwiftLint/swiftlint\"\n";
		};
/* End PBXShellScriptBuildPhase section */

/* Begin PBXSourcesBuildPhase section */
		495472E1251F191E0022AD8E /* Sources */ = {
			isa = PBXSourcesBuildPhase;
			buildActionMask = 2147483647;
			files = (
				64D886EE252F8B4A0074EDBC /* ImageTableViewCell.swift in Sources */,
				84478A8C2531D0650025415C /* dragAndDropViewController.swift in Sources */,
				3FF531D425274C8F00B4959A /* AnastasiaViewController.swift in Sources */,
				3FF531D125274C8F00B4959A /* TextViewController.swift in Sources */,
				BA1AA9EA2520DF49001C839F /* SvitlanaTextViewController.swift in Sources */,
				641AEE15252FC47B00275227 /* ApiTableViewCell.swift in Sources */,
				641AEE0C252FC42700275227 /* ApiViewController.swift in Sources */,
				BAB3BBCC252A33680087DDD9 /* FirebaseService.swift in Sources */,
				849019D4252B97B1000D8037 /* UsersTableViewCell.swift in Sources */,
				64C9927B25260B8C00676069 /* ImageScrollView.swift in Sources */,
				BA2660532537026D0042C0BA /* UserTableViewCell.swift in Sources */,
				495472ED251F191F0022AD8E /* ViewController.swift in Sources */,
				64C992672523BD0700676069 /* ImageViewController.swift in Sources */,
				BA1AA9DB25209685001C839F /* SvitlanaViewController.swift in Sources */,
				642089252527489D00B9A1E1 /* PinchViewController.swift in Sources */,
				495472E9251F191F0022AD8E /* AppDelegate.swift in Sources */,
				84F91E3A25286BC6002CD19A /* FirebaseViewController.swift in Sources */,
				648425DB251FC9900039B1F1 /* ViacheslavViewController.swift in Sources */,
				BA54C314252F7A480067E4B4 /* CreateUserViewController.swift in Sources */,
				647A9F72252C951400E340D1 /* List.swift in Sources */,
				495472EB251F191F0022AD8E /* SceneDelegate.swift in Sources */,
				3FF531D225274C8F00B4959A /* MoreButtonState.swift in Sources */,
				3F805227252B1DF9001B7FF7 /* RequestViewController.swift in Sources */,
				6415F1F8253398FA0067A01F /* CircleViewController.swift in Sources */,
				3F80522F252B20AE001B7FF7 /* NetworkingService.swift in Sources */,
				3F74499E252F141800352A78 /* FirebaseUsersViewController.swift in Sources */,
				648425E425224A4B0039B1F1 /* ViacheslavWebViewController.swift in Sources */,
				84D5D2DD251F8DF300E854BD /* StepanViewController.swift in Sources */,
				3F7449AA252F296F00352A78 /* UserViewController.swift in Sources */,
				647A9F69252B8CC800E340D1 /* ImageListViewController.swift in Sources */,
				640B02FD252CE4B700B9D530 /* ShowImageViewController.swift in Sources */,
				846F3D56252B89380061E242 /* UsersTableViewController.swift in Sources */,
				84746823251FBAFA00F4D3E7 /* TextViewViewController.swift in Sources */,
				BA54C33225302BD70067E4B4 /* TableViewController.swift in Sources */,
				3F80522A252B1EE8001B7FF7 /* User.swift in Sources */,
				3F89B50025309C4800367C81 /* ImageCell.swift in Sources */,
			);
			runOnlyForDeploymentPostprocessing = 0;
		};
/* End PBXSourcesBuildPhase section */

/* Begin PBXVariantGroup section */
		495472EE251F191F0022AD8E /* Main.storyboard */ = {
			isa = PBXVariantGroup;
			children = (
				495472EF251F191F0022AD8E /* Base */,
			);
			name = Main.storyboard;
			sourceTree = "<group>";
		};
		495472F3251F19260022AD8E /* LaunchScreen.storyboard */ = {
			isa = PBXVariantGroup;
			children = (
				495472F4251F19260022AD8E /* Base */,
			);
			name = LaunchScreen.storyboard;
			sourceTree = "<group>";
		};
/* End PBXVariantGroup section */

/* Begin XCBuildConfiguration section */
		495472F7251F19260022AD8E /* Debug */ = {
			isa = XCBuildConfiguration;
			buildSettings = {
				ALWAYS_SEARCH_USER_PATHS = NO;
				CLANG_ANALYZER_NONNULL = YES;
				CLANG_ANALYZER_NUMBER_OBJECT_CONVERSION = YES_AGGRESSIVE;
				CLANG_CXX_LANGUAGE_STANDARD = "gnu++14";
				CLANG_CXX_LIBRARY = "libc++";
				CLANG_ENABLE_MODULES = YES;
				CLANG_ENABLE_OBJC_ARC = YES;
				CLANG_ENABLE_OBJC_WEAK = YES;
				CLANG_WARN_BLOCK_CAPTURE_AUTORELEASING = YES;
				CLANG_WARN_BOOL_CONVERSION = YES;
				CLANG_WARN_COMMA = YES;
				CLANG_WARN_CONSTANT_CONVERSION = YES;
				CLANG_WARN_DEPRECATED_OBJC_IMPLEMENTATIONS = YES;
				CLANG_WARN_DIRECT_OBJC_ISA_USAGE = YES_ERROR;
				CLANG_WARN_DOCUMENTATION_COMMENTS = YES;
				CLANG_WARN_EMPTY_BODY = YES;
				CLANG_WARN_ENUM_CONVERSION = YES;
				CLANG_WARN_INFINITE_RECURSION = YES;
				CLANG_WARN_INT_CONVERSION = YES;
				CLANG_WARN_NON_LITERAL_NULL_CONVERSION = YES;
				CLANG_WARN_OBJC_IMPLICIT_RETAIN_SELF = YES;
				CLANG_WARN_OBJC_LITERAL_CONVERSION = YES;
				CLANG_WARN_OBJC_ROOT_CLASS = YES_ERROR;
				CLANG_WARN_QUOTED_INCLUDE_IN_FRAMEWORK_HEADER = YES;
				CLANG_WARN_RANGE_LOOP_ANALYSIS = YES;
				CLANG_WARN_STRICT_PROTOTYPES = YES;
				CLANG_WARN_SUSPICIOUS_MOVE = YES;
				CLANG_WARN_UNGUARDED_AVAILABILITY = YES_AGGRESSIVE;
				CLANG_WARN_UNREACHABLE_CODE = YES;
				CLANG_WARN__DUPLICATE_METHOD_MATCH = YES;
				COPY_PHASE_STRIP = NO;
				DEBUG_INFORMATION_FORMAT = dwarf;
				ENABLE_STRICT_OBJC_MSGSEND = YES;
				ENABLE_TESTABILITY = YES;
				GCC_C_LANGUAGE_STANDARD = gnu11;
				GCC_DYNAMIC_NO_PIC = NO;
				GCC_NO_COMMON_BLOCKS = YES;
				GCC_OPTIMIZATION_LEVEL = 0;
				GCC_PREPROCESSOR_DEFINITIONS = (
					"DEBUG=1",
					"$(inherited)",
				);
				GCC_WARN_64_TO_32_BIT_CONVERSION = YES;
				GCC_WARN_ABOUT_RETURN_TYPE = YES_ERROR;
				GCC_WARN_UNDECLARED_SELECTOR = YES;
				GCC_WARN_UNINITIALIZED_AUTOS = YES_AGGRESSIVE;
				GCC_WARN_UNUSED_FUNCTION = YES;
				GCC_WARN_UNUSED_VARIABLE = YES;
				IPHONEOS_DEPLOYMENT_TARGET = 12.2;
				MTL_ENABLE_DEBUG_INFO = INCLUDE_SOURCE;
				MTL_FAST_MATH = YES;
				ONLY_ACTIVE_ARCH = YES;
				SDKROOT = iphoneos;
				SWIFT_ACTIVE_COMPILATION_CONDITIONS = DEBUG;
				SWIFT_OPTIMIZATION_LEVEL = "-Onone";
			};
			name = Debug;
		};
		495472F8251F19260022AD8E /* Release */ = {
			isa = XCBuildConfiguration;
			buildSettings = {
				ALWAYS_SEARCH_USER_PATHS = NO;
				CLANG_ANALYZER_NONNULL = YES;
				CLANG_ANALYZER_NUMBER_OBJECT_CONVERSION = YES_AGGRESSIVE;
				CLANG_CXX_LANGUAGE_STANDARD = "gnu++14";
				CLANG_CXX_LIBRARY = "libc++";
				CLANG_ENABLE_MODULES = YES;
				CLANG_ENABLE_OBJC_ARC = YES;
				CLANG_ENABLE_OBJC_WEAK = YES;
				CLANG_WARN_BLOCK_CAPTURE_AUTORELEASING = YES;
				CLANG_WARN_BOOL_CONVERSION = YES;
				CLANG_WARN_COMMA = YES;
				CLANG_WARN_CONSTANT_CONVERSION = YES;
				CLANG_WARN_DEPRECATED_OBJC_IMPLEMENTATIONS = YES;
				CLANG_WARN_DIRECT_OBJC_ISA_USAGE = YES_ERROR;
				CLANG_WARN_DOCUMENTATION_COMMENTS = YES;
				CLANG_WARN_EMPTY_BODY = YES;
				CLANG_WARN_ENUM_CONVERSION = YES;
				CLANG_WARN_INFINITE_RECURSION = YES;
				CLANG_WARN_INT_CONVERSION = YES;
				CLANG_WARN_NON_LITERAL_NULL_CONVERSION = YES;
				CLANG_WARN_OBJC_IMPLICIT_RETAIN_SELF = YES;
				CLANG_WARN_OBJC_LITERAL_CONVERSION = YES;
				CLANG_WARN_OBJC_ROOT_CLASS = YES_ERROR;
				CLANG_WARN_QUOTED_INCLUDE_IN_FRAMEWORK_HEADER = YES;
				CLANG_WARN_RANGE_LOOP_ANALYSIS = YES;
				CLANG_WARN_STRICT_PROTOTYPES = YES;
				CLANG_WARN_SUSPICIOUS_MOVE = YES;
				CLANG_WARN_UNGUARDED_AVAILABILITY = YES_AGGRESSIVE;
				CLANG_WARN_UNREACHABLE_CODE = YES;
				CLANG_WARN__DUPLICATE_METHOD_MATCH = YES;
				COPY_PHASE_STRIP = NO;
				DEBUG_INFORMATION_FORMAT = "dwarf-with-dsym";
				ENABLE_NS_ASSERTIONS = NO;
				ENABLE_STRICT_OBJC_MSGSEND = YES;
				GCC_C_LANGUAGE_STANDARD = gnu11;
				GCC_NO_COMMON_BLOCKS = YES;
				GCC_WARN_64_TO_32_BIT_CONVERSION = YES;
				GCC_WARN_ABOUT_RETURN_TYPE = YES_ERROR;
				GCC_WARN_UNDECLARED_SELECTOR = YES;
				GCC_WARN_UNINITIALIZED_AUTOS = YES_AGGRESSIVE;
				GCC_WARN_UNUSED_FUNCTION = YES;
				GCC_WARN_UNUSED_VARIABLE = YES;
				IPHONEOS_DEPLOYMENT_TARGET = 12.2;
				MTL_ENABLE_DEBUG_INFO = NO;
				MTL_FAST_MATH = YES;
				SDKROOT = iphoneos;
				SWIFT_COMPILATION_MODE = wholemodule;
				SWIFT_OPTIMIZATION_LEVEL = "-O";
				VALIDATE_PRODUCT = YES;
			};
			name = Release;
		};
		495472FA251F19260022AD8E /* Debug */ = {
			isa = XCBuildConfiguration;
			baseConfigurationReference = 2EECAD94DBB74B58A88AFFE1 /* Pods-TestGitHubProj.debug.xcconfig */;
			buildSettings = {
				ASSETCATALOG_COMPILER_APPICON_NAME = AppIcon;
				ASSETCATALOG_COMPILER_GLOBAL_ACCENT_COLOR_NAME = AccentColor;
				CODE_SIGN_STYLE = Automatic;
				DEVELOPMENT_TEAM = FAJ4V9RHA6;
				INFOPLIST_FILE = TestGitHubProj/Info.plist;
				IPHONEOS_DEPLOYMENT_TARGET = 14.0;
				LD_RUNPATH_SEARCH_PATHS = (
					"$(inherited)",
					"@executable_path/Frameworks",
				);
				PRODUCT_BUNDLE_IDENTIFIER = com.oleksii.kolomiiets.TestGitHubProj;
				PRODUCT_NAME = "$(TARGET_NAME)";
				SWIFT_VERSION = 5.0;
				TARGETED_DEVICE_FAMILY = "1,2";
			};
			name = Debug;
		};
		495472FB251F19260022AD8E /* Release */ = {
			isa = XCBuildConfiguration;
			baseConfigurationReference = 9FD3F08BAD193EFD517D7B8A /* Pods-TestGitHubProj.release.xcconfig */;
			buildSettings = {
				ASSETCATALOG_COMPILER_APPICON_NAME = AppIcon;
				ASSETCATALOG_COMPILER_GLOBAL_ACCENT_COLOR_NAME = AccentColor;
				CODE_SIGN_STYLE = Automatic;
				DEVELOPMENT_TEAM = FAJ4V9RHA6;
				INFOPLIST_FILE = TestGitHubProj/Info.plist;
				IPHONEOS_DEPLOYMENT_TARGET = 14.0;
				LD_RUNPATH_SEARCH_PATHS = (
					"$(inherited)",
					"@executable_path/Frameworks",
				);
				PRODUCT_BUNDLE_IDENTIFIER = com.oleksii.kolomiiets.TestGitHubProj;
				PRODUCT_NAME = "$(TARGET_NAME)";
				SWIFT_VERSION = 5.0;
				TARGETED_DEVICE_FAMILY = "1,2";
			};
			name = Release;
		};
/* End XCBuildConfiguration section */

/* Begin XCConfigurationList section */
		495472E0251F191E0022AD8E /* Build configuration list for PBXProject "TestGitHubProj" */ = {
			isa = XCConfigurationList;
			buildConfigurations = (
				495472F7251F19260022AD8E /* Debug */,
				495472F8251F19260022AD8E /* Release */,
			);
			defaultConfigurationIsVisible = 0;
			defaultConfigurationName = Release;
		};
		495472F9251F19260022AD8E /* Build configuration list for PBXNativeTarget "TestGitHubProj" */ = {
			isa = XCConfigurationList;
			buildConfigurations = (
				495472FA251F19260022AD8E /* Debug */,
				495472FB251F19260022AD8E /* Release */,
			);
			defaultConfigurationIsVisible = 0;
			defaultConfigurationName = Release;
		};
/* End XCConfigurationList section */
	};
	rootObject = 495472DD251F191E0022AD8E /* Project object */;
}
