// !$*UTF8*$!
{
	archiveVersion = 1;
	classes = {
	};
	objectVersion = 50;
	objects = {

/* Begin PBXBuildFile section */
		495472E9251F191F0022AD8E /* AppDelegate.swift in Sources */ = {isa = PBXBuildFile; fileRef = 495472E8251F191F0022AD8E /* AppDelegate.swift */; };
		495472EB251F191F0022AD8E /* SceneDelegate.swift in Sources */ = {isa = PBXBuildFile; fileRef = 495472EA251F191F0022AD8E /* SceneDelegate.swift */; };
		495472ED251F191F0022AD8E /* ViewController.swift in Sources */ = {isa = PBXBuildFile; fileRef = 495472EC251F191F0022AD8E /* ViewController.swift */; };
		495472F0251F191F0022AD8E /* Main.storyboard in Resources */ = {isa = PBXBuildFile; fileRef = 495472EE251F191F0022AD8E /* Main.storyboard */; };
		495472F2251F19260022AD8E /* Assets.xcassets in Resources */ = {isa = PBXBuildFile; fileRef = 495472F1251F19260022AD8E /* Assets.xcassets */; };
		495472F5251F19260022AD8E /* LaunchScreen.storyboard in Resources */ = {isa = PBXBuildFile; fileRef = 495472F3251F19260022AD8E /* LaunchScreen.storyboard */; };
		648425DB251FC9900039B1F1 /* ViacheslavViewController.swift in Sources */ = {isa = PBXBuildFile; fileRef = 648425DA251FC9900039B1F1 /* ViacheslavViewController.swift */; };
		648425E425224A4B0039B1F1 /* ViacheslavWebViewController.swift in Sources */ = {isa = PBXBuildFile; fileRef = 648425E325224A4B0039B1F1 /* ViacheslavWebViewController.swift */; };
		64C9925F25239F4F00676069 /* ViacheslavS.storyboard in Resources */ = {isa = PBXBuildFile; fileRef = 648425DD251FC9960039B1F1 /* ViacheslavS.storyboard */; };
		64C992642523BCDA00676069 /* ImageStoryboard.storyboard in Resources */ = {isa = PBXBuildFile; fileRef = 64C992632523BCDA00676069 /* ImageStoryboard.storyboard */; };
		64C992672523BD0700676069 /* ImageViewController.swift in Sources */ = {isa = PBXBuildFile; fileRef = 64C992662523BD0700676069 /* ImageViewController.swift */; };
		84746823251FBAFA00F4D3E7 /* TextViewViewController.swift in Sources */ = {isa = PBXBuildFile; fileRef = 84746822251FBAFA00F4D3E7 /* TextViewViewController.swift */; };
		84A84F00251F9C6A00ACC578 /* Stepan.storyboard in Resources */ = {isa = PBXBuildFile; fileRef = 84A84EFF251F9C6A00ACC578 /* Stepan.storyboard */; };
		84D5D2DD251F8DF300E854BD /* StepanViewController.swift in Sources */ = {isa = PBXBuildFile; fileRef = 84D5D2DC251F8DF300E854BD /* StepanViewController.swift */; };
		BA1AA9D625209335001C839F /* Svitlana.storyboard in Resources */ = {isa = PBXBuildFile; fileRef = BA1AA9D525209335001C839F /* Svitlana.storyboard */; };
		BA1AA9DB25209685001C839F /* SvitlanaViewController.swift in Sources */ = {isa = PBXBuildFile; fileRef = BA1AA9DA25209685001C839F /* SvitlanaViewController.swift */; };
		BA1AA9E62520DE51001C839F /* SvitlanaTextView.storyboard in Resources */ = {isa = PBXBuildFile; fileRef = BA1AA9E52520DE51001C839F /* SvitlanaTextView.storyboard */; };
		BA1AA9EA2520DF49001C839F /* SvitlanaTextViewController.swift in Sources */ = {isa = PBXBuildFile; fileRef = BA1AA9E92520DF49001C839F /* SvitlanaTextViewController.swift */; };
/* End PBXBuildFile section */

/* Begin PBXFileReference section */
		495472E5251F191F0022AD8E /* TestGitHubProj.app */ = {isa = PBXFileReference; explicitFileType = wrapper.application; includeInIndex = 0; path = TestGitHubProj.app; sourceTree = BUILT_PRODUCTS_DIR; };
		495472E8251F191F0022AD8E /* AppDelegate.swift */ = {isa = PBXFileReference; lastKnownFileType = sourcecode.swift; path = AppDelegate.swift; sourceTree = "<group>"; };
		495472EA251F191F0022AD8E /* SceneDelegate.swift */ = {isa = PBXFileReference; lastKnownFileType = sourcecode.swift; path = SceneDelegate.swift; sourceTree = "<group>"; };
		495472EC251F191F0022AD8E /* ViewController.swift */ = {isa = PBXFileReference; lastKnownFileType = sourcecode.swift; path = ViewController.swift; sourceTree = "<group>"; };
		495472EF251F191F0022AD8E /* Base */ = {isa = PBXFileReference; lastKnownFileType = file.storyboard; name = Base; path = Base.lproj/Main.storyboard; sourceTree = "<group>"; };
		495472F1251F19260022AD8E /* Assets.xcassets */ = {isa = PBXFileReference; lastKnownFileType = folder.assetcatalog; path = Assets.xcassets; sourceTree = "<group>"; };
		495472F4251F19260022AD8E /* Base */ = {isa = PBXFileReference; lastKnownFileType = file.storyboard; name = Base; path = Base.lproj/LaunchScreen.storyboard; sourceTree = "<group>"; };
		495472F6251F19260022AD8E /* Info.plist */ = {isa = PBXFileReference; lastKnownFileType = text.plist.xml; path = Info.plist; sourceTree = "<group>"; };
		648425DA251FC9900039B1F1 /* ViacheslavViewController.swift */ = {isa = PBXFileReference; lastKnownFileType = sourcecode.swift; path = ViacheslavViewController.swift; sourceTree = "<group>"; };
		648425DD251FC9960039B1F1 /* ViacheslavS.storyboard */ = {isa = PBXFileReference; lastKnownFileType = file.storyboard; path = ViacheslavS.storyboard; sourceTree = "<group>"; };
		648425E325224A4B0039B1F1 /* ViacheslavWebViewController.swift */ = {isa = PBXFileReference; lastKnownFileType = sourcecode.swift; path = ViacheslavWebViewController.swift; sourceTree = "<group>"; };
		64C992632523BCDA00676069 /* ImageStoryboard.storyboard */ = {isa = PBXFileReference; lastKnownFileType = file.storyboard; path = ImageStoryboard.storyboard; sourceTree = "<group>"; };
		64C992662523BD0700676069 /* ImageViewController.swift */ = {isa = PBXFileReference; lastKnownFileType = sourcecode.swift; path = ImageViewController.swift; sourceTree = "<group>"; };
		84746822251FBAFA00F4D3E7 /* TextViewViewController.swift */ = {isa = PBXFileReference; lastKnownFileType = sourcecode.swift; path = TextViewViewController.swift; sourceTree = "<group>"; };
		84A84EFF251F9C6A00ACC578 /* Stepan.storyboard */ = {isa = PBXFileReference; lastKnownFileType = file.storyboard; path = Stepan.storyboard; sourceTree = "<group>"; };
		84D5D2DC251F8DF300E854BD /* StepanViewController.swift */ = {isa = PBXFileReference; lastKnownFileType = sourcecode.swift; name = StepanViewController.swift; path = TestGitHubProj/StepanViewController.swift; sourceTree = SOURCE_ROOT; };
		BA1AA9D525209335001C839F /* Svitlana.storyboard */ = {isa = PBXFileReference; lastKnownFileType = file.storyboard; path = Svitlana.storyboard; sourceTree = "<group>"; };
		BA1AA9DA25209685001C839F /* SvitlanaViewController.swift */ = {isa = PBXFileReference; lastKnownFileType = sourcecode.swift; path = SvitlanaViewController.swift; sourceTree = "<group>"; };
		BA1AA9E52520DE51001C839F /* SvitlanaTextView.storyboard */ = {isa = PBXFileReference; lastKnownFileType = file.storyboard; path = SvitlanaTextView.storyboard; sourceTree = "<group>"; };
		BA1AA9E92520DF49001C839F /* SvitlanaTextViewController.swift */ = {isa = PBXFileReference; lastKnownFileType = sourcecode.swift; path = SvitlanaTextViewController.swift; sourceTree = "<group>"; };
/* End PBXFileReference section */

/* Begin PBXFrameworksBuildPhase section */
		495472E2251F191E0022AD8E /* Frameworks */ = {
			isa = PBXFrameworksBuildPhase;
			buildActionMask = 2147483647;
			files = (
			);
			runOnlyForDeploymentPostprocessing = 0;
		};
/* End PBXFrameworksBuildPhase section */

/* Begin PBXGroup section */
		495472DC251F191E0022AD8E = {
			isa = PBXGroup;
			children = (
				495472E7251F191F0022AD8E /* TestGitHubProj */,
				495472E6251F191F0022AD8E /* Products */,
			);
			sourceTree = "<group>";
		};
		495472E6251F191F0022AD8E /* Products */ = {
			isa = PBXGroup;
			children = (
				495472E5251F191F0022AD8E /* TestGitHubProj.app */,
			);
			name = Products;
			sourceTree = "<group>";
		};
		495472E7251F191F0022AD8E /* TestGitHubProj */ = {
			isa = PBXGroup;
			children = (
				BA1AA9D82520934D001C839F /* Svitlana */,
				84D5D2DA251F3E5D00E854BD /* StepanStoryboard */,
				641CA5DE25238FC700AC0769 /* Viacheslav */,
				495472E8251F191F0022AD8E /* AppDelegate.swift */,
				495472EA251F191F0022AD8E /* SceneDelegate.swift */,
				495472EC251F191F0022AD8E /* ViewController.swift */,
				495472EE251F191F0022AD8E /* Main.storyboard */,
				495472F1251F19260022AD8E /* Assets.xcassets */,
				495472F3251F19260022AD8E /* LaunchScreen.storyboard */,
				495472F6251F19260022AD8E /* Info.plist */,
			);
			path = TestGitHubProj;
			sourceTree = "<group>";
		};
		641CA5DE25238FC700AC0769 /* Viacheslav */ = {
			isa = PBXGroup;
			children = (
				648425DD251FC9960039B1F1 /* ViacheslavS.storyboard */,
				648425DA251FC9900039B1F1 /* ViacheslavViewController.swift */,
				648425E325224A4B0039B1F1 /* ViacheslavWebViewController.swift */,
				64C992632523BCDA00676069 /* ImageStoryboard.storyboard */,
				64C992662523BD0700676069 /* ImageViewController.swift */,
			);
			path = Viacheslav;
			sourceTree = "<group>";
		};
		84D5D2DA251F3E5D00E854BD /* StepanStoryboard */ = {
			isa = PBXGroup;
			children = (
				84D5D2DC251F8DF300E854BD /* StepanViewController.swift */,
				84A84EFF251F9C6A00ACC578 /* Stepan.storyboard */,
				84746822251FBAFA00F4D3E7 /* TextViewViewController.swift */,
			);
			path = StepanStoryboard;
			sourceTree = "<group>";
		};
		BA1AA9D82520934D001C839F /* Svitlana */ = {
			isa = PBXGroup;
			children = (
				BA1AA9E42520DE14001C839F /* TextView */,
				BA1AA9D525209335001C839F /* Svitlana.storyboard */,
				BA1AA9DA25209685001C839F /* SvitlanaViewController.swift */,
			);
			path = Svitlana;
			sourceTree = "<group>";
		};
		BA1AA9E42520DE14001C839F /* TextView */ = {
			isa = PBXGroup;
			children = (
				BA1AA9E52520DE51001C839F /* SvitlanaTextView.storyboard */,
				BA1AA9E92520DF49001C839F /* SvitlanaTextViewController.swift */,
			);
			path = TextView;
			sourceTree = "<group>";
		};
/* End PBXGroup section */

/* Begin PBXNativeTarget section */
		495472E4251F191E0022AD8E /* TestGitHubProj */ = {
			isa = PBXNativeTarget;
			buildConfigurationList = 495472F9251F19260022AD8E /* Build configuration list for PBXNativeTarget "TestGitHubProj" */;
			buildPhases = (
				495472E1251F191E0022AD8E /* Sources */,
				495472E2251F191E0022AD8E /* Frameworks */,
				495472E3251F191E0022AD8E /* Resources */,
			);
			buildRules = (
			);
			dependencies = (
			);
			name = TestGitHubProj;
			productName = TestGitHubProj;
			productReference = 495472E5251F191F0022AD8E /* TestGitHubProj.app */;
			productType = "com.apple.product-type.application";
		};
/* End PBXNativeTarget section */

/* Begin PBXProject section */
		495472DD251F191E0022AD8E /* Project object */ = {
			isa = PBXProject;
			attributes = {
				LastSwiftUpdateCheck = 1200;
				LastUpgradeCheck = 1200;
				TargetAttributes = {
					495472E4251F191E0022AD8E = {
						CreatedOnToolsVersion = 12.0;
					};
				};
			};
			buildConfigurationList = 495472E0251F191E0022AD8E /* Build configuration list for PBXProject "TestGitHubProj" */;
			compatibilityVersion = "Xcode 9.3";
			developmentRegion = en;
			hasScannedForEncodings = 0;
			knownRegions = (
				en,
				Base,
			);
			mainGroup = 495472DC251F191E0022AD8E;
			productRefGroup = 495472E6251F191F0022AD8E /* Products */;
			projectDirPath = "";
			projectRoot = "";
			targets = (
				495472E4251F191E0022AD8E /* TestGitHubProj */,
			);
		};
/* End PBXProject section */

/* Begin PBXResourcesBuildPhase section */
		495472E3251F191E0022AD8E /* Resources */ = {
			isa = PBXResourcesBuildPhase;
			buildActionMask = 2147483647;
			files = (
				64C9925F25239F4F00676069 /* ViacheslavS.storyboard in Resources */,
				BA1AA9E62520DE51001C839F /* SvitlanaTextView.storyboard in Resources */,
				BA1AA9D625209335001C839F /* Svitlana.storyboard in Resources */,
				495472F5251F19260022AD8E /* LaunchScreen.storyboard in Resources */,
				495472F2251F19260022AD8E /* Assets.xcassets in Resources */,
				64C992642523BCDA00676069 /* ImageStoryboard.storyboard in Resources */,
				495472F0251F191F0022AD8E /* Main.storyboard in Resources */,
				84A84F00251F9C6A00ACC578 /* Stepan.storyboard in Resources */,
			);
			runOnlyForDeploymentPostprocessing = 0;
		};
/* End PBXResourcesBuildPhase section */

/* Begin PBXSourcesBuildPhase section */
		495472E1251F191E0022AD8E /* Sources */ = {
			isa = PBXSourcesBuildPhase;
			buildActionMask = 2147483647;
			files = (
				BA1AA9EA2520DF49001C839F /* SvitlanaTextViewController.swift in Sources */,
				495472ED251F191F0022AD8E /* ViewController.swift in Sources */,
				64C992672523BD0700676069 /* ImageViewController.swift in Sources */,
				BA1AA9DB25209685001C839F /* SvitlanaViewController.swift in Sources */,
				495472E9251F191F0022AD8E /* AppDelegate.swift in Sources */,
				648425DB251FC9900039B1F1 /* ViacheslavViewController.swift in Sources */,
				495472EB251F191F0022AD8E /* SceneDelegate.swift in Sources */,
				648425E425224A4B0039B1F1 /* ViacheslavWebViewController.swift in Sources */,
				84D5D2DD251F8DF300E854BD /* StepanViewController.swift in Sources */,
				84746823251FBAFA00F4D3E7 /* TextViewViewController.swift in Sources */,
			);
			runOnlyForDeploymentPostprocessing = 0;
		};
/* End PBXSourcesBuildPhase section */

/* Begin PBXVariantGroup section */
		495472EE251F191F0022AD8E /* Main.storyboard */ = {
			isa = PBXVariantGroup;
			children = (
				495472EF251F191F0022AD8E /* Base */,
			);
			name = Main.storyboard;
			sourceTree = "<group>";
		};
		495472F3251F19260022AD8E /* LaunchScreen.storyboard */ = {
			isa = PBXVariantGroup;
			children = (
				495472F4251F19260022AD8E /* Base */,
			);
			name = LaunchScreen.storyboard;
			sourceTree = "<group>";
		};
/* End PBXVariantGroup section */

/* Begin XCBuildConfiguration section */
		495472F7251F19260022AD8E /* Debug */ = {
			isa = XCBuildConfiguration;
			buildSettings = {
				ALWAYS_SEARCH_USER_PATHS = NO;
				CLANG_ANALYZER_NONNULL = YES;
				CLANG_ANALYZER_NUMBER_OBJECT_CONVERSION = YES_AGGRESSIVE;
				CLANG_CXX_LANGUAGE_STANDARD = "gnu++14";
				CLANG_CXX_LIBRARY = "libc++";
				CLANG_ENABLE_MODULES = YES;
				CLANG_ENABLE_OBJC_ARC = YES;
				CLANG_ENABLE_OBJC_WEAK = YES;
				CLANG_WARN_BLOCK_CAPTURE_AUTORELEASING = YES;
				CLANG_WARN_BOOL_CONVERSION = YES;
				CLANG_WARN_COMMA = YES;
				CLANG_WARN_CONSTANT_CONVERSION = YES;
				CLANG_WARN_DEPRECATED_OBJC_IMPLEMENTATIONS = YES;
				CLANG_WARN_DIRECT_OBJC_ISA_USAGE = YES_ERROR;
				CLANG_WARN_DOCUMENTATION_COMMENTS = YES;
				CLANG_WARN_EMPTY_BODY = YES;
				CLANG_WARN_ENUM_CONVERSION = YES;
				CLANG_WARN_INFINITE_RECURSION = YES;
				CLANG_WARN_INT_CONVERSION = YES;
				CLANG_WARN_NON_LITERAL_NULL_CONVERSION = YES;
				CLANG_WARN_OBJC_IMPLICIT_RETAIN_SELF = YES;
				CLANG_WARN_OBJC_LITERAL_CONVERSION = YES;
				CLANG_WARN_OBJC_ROOT_CLASS = YES_ERROR;
				CLANG_WARN_QUOTED_INCLUDE_IN_FRAMEWORK_HEADER = YES;
				CLANG_WARN_RANGE_LOOP_ANALYSIS = YES;
				CLANG_WARN_STRICT_PROTOTYPES = YES;
				CLANG_WARN_SUSPICIOUS_MOVE = YES;
				CLANG_WARN_UNGUARDED_AVAILABILITY = YES_AGGRESSIVE;
				CLANG_WARN_UNREACHABLE_CODE = YES;
				CLANG_WARN__DUPLICATE_METHOD_MATCH = YES;
				COPY_PHASE_STRIP = NO;
				DEBUG_INFORMATION_FORMAT = dwarf;
				ENABLE_STRICT_OBJC_MSGSEND = YES;
				ENABLE_TESTABILITY = YES;
				GCC_C_LANGUAGE_STANDARD = gnu11;
				GCC_DYNAMIC_NO_PIC = NO;
				GCC_NO_COMMON_BLOCKS = YES;
				GCC_OPTIMIZATION_LEVEL = 0;
				GCC_PREPROCESSOR_DEFINITIONS = (
					"DEBUG=1",
					"$(inherited)",
				);
				GCC_WARN_64_TO_32_BIT_CONVERSION = YES;
				GCC_WARN_ABOUT_RETURN_TYPE = YES_ERROR;
				GCC_WARN_UNDECLARED_SELECTOR = YES;
				GCC_WARN_UNINITIALIZED_AUTOS = YES_AGGRESSIVE;
				GCC_WARN_UNUSED_FUNCTION = YES;
				GCC_WARN_UNUSED_VARIABLE = YES;
				IPHONEOS_DEPLOYMENT_TARGET = 14.0;
				MTL_ENABLE_DEBUG_INFO = INCLUDE_SOURCE;
				MTL_FAST_MATH = YES;
				ONLY_ACTIVE_ARCH = YES;
				SDKROOT = iphoneos;
				SWIFT_ACTIVE_COMPILATION_CONDITIONS = DEBUG;
				SWIFT_OPTIMIZATION_LEVEL = "-Onone";
			};
			name = Debug;
		};
		495472F8251F19260022AD8E /* Release */ = {
			isa = XCBuildConfiguration;
			buildSettings = {
				ALWAYS_SEARCH_USER_PATHS = NO;
				CLANG_ANALYZER_NONNULL = YES;
				CLANG_ANALYZER_NUMBER_OBJECT_CONVERSION = YES_AGGRESSIVE;
				CLANG_CXX_LANGUAGE_STANDARD = "gnu++14";
				CLANG_CXX_LIBRARY = "libc++";
				CLANG_ENABLE_MODULES = YES;
				CLANG_ENABLE_OBJC_ARC = YES;
				CLANG_ENABLE_OBJC_WEAK = YES;
				CLANG_WARN_BLOCK_CAPTURE_AUTORELEASING = YES;
				CLANG_WARN_BOOL_CONVERSION = YES;
				CLANG_WARN_COMMA = YES;
				CLANG_WARN_CONSTANT_CONVERSION = YES;
				CLANG_WARN_DEPRECATED_OBJC_IMPLEMENTATIONS = YES;
				CLANG_WARN_DIRECT_OBJC_ISA_USAGE = YES_ERROR;
				CLANG_WARN_DOCUMENTATION_COMMENTS = YES;
				CLANG_WARN_EMPTY_BODY = YES;
				CLANG_WARN_ENUM_CONVERSION = YES;
				CLANG_WARN_INFINITE_RECURSION = YES;
				CLANG_WARN_INT_CONVERSION = YES;
				CLANG_WARN_NON_LITERAL_NULL_CONVERSION = YES;
				CLANG_WARN_OBJC_IMPLICIT_RETAIN_SELF = YES;
				CLANG_WARN_OBJC_LITERAL_CONVERSION = YES;
				CLANG_WARN_OBJC_ROOT_CLASS = YES_ERROR;
				CLANG_WARN_QUOTED_INCLUDE_IN_FRAMEWORK_HEADER = YES;
				CLANG_WARN_RANGE_LOOP_ANALYSIS = YES;
				CLANG_WARN_STRICT_PROTOTYPES = YES;
				CLANG_WARN_SUSPICIOUS_MOVE = YES;
				CLANG_WARN_UNGUARDED_AVAILABILITY = YES_AGGRESSIVE;
				CLANG_WARN_UNREACHABLE_CODE = YES;
				CLANG_WARN__DUPLICATE_METHOD_MATCH = YES;
				COPY_PHASE_STRIP = NO;
				DEBUG_INFORMATION_FORMAT = "dwarf-with-dsym";
				ENABLE_NS_ASSERTIONS = NO;
				ENABLE_STRICT_OBJC_MSGSEND = YES;
				GCC_C_LANGUAGE_STANDARD = gnu11;
				GCC_NO_COMMON_BLOCKS = YES;
				GCC_WARN_64_TO_32_BIT_CONVERSION = YES;
				GCC_WARN_ABOUT_RETURN_TYPE = YES_ERROR;
				GCC_WARN_UNDECLARED_SELECTOR = YES;
				GCC_WARN_UNINITIALIZED_AUTOS = YES_AGGRESSIVE;
				GCC_WARN_UNUSED_FUNCTION = YES;
				GCC_WARN_UNUSED_VARIABLE = YES;
				IPHONEOS_DEPLOYMENT_TARGET = 14.0;
				MTL_ENABLE_DEBUG_INFO = NO;
				MTL_FAST_MATH = YES;
				SDKROOT = iphoneos;
				SWIFT_COMPILATION_MODE = wholemodule;
				SWIFT_OPTIMIZATION_LEVEL = "-O";
				VALIDATE_PRODUCT = YES;
			};
			name = Release;
		};
		495472FA251F19260022AD8E /* Debug */ = {
			isa = XCBuildConfiguration;
			buildSettings = {
				ASSETCATALOG_COMPILER_APPICON_NAME = AppIcon;
				ASSETCATALOG_COMPILER_GLOBAL_ACCENT_COLOR_NAME = AccentColor;
				CODE_SIGN_STYLE = Automatic;
				DEVELOPMENT_TEAM = FAJ4V9RHA6;
				INFOPLIST_FILE = TestGitHubProj/Info.plist;
				LD_RUNPATH_SEARCH_PATHS = (
					"$(inherited)",
					"@executable_path/Frameworks",
				);
				PRODUCT_BUNDLE_IDENTIFIER = com.oleksii.kolomiiets.TestGitHubProj;
				PRODUCT_NAME = "$(TARGET_NAME)";
				SWIFT_VERSION = 5.0;
				TARGETED_DEVICE_FAMILY = "1,2";
			};
			name = Debug;
		};
		495472FB251F19260022AD8E /* Release */ = {
			isa = XCBuildConfiguration;
			buildSettings = {
				ASSETCATALOG_COMPILER_APPICON_NAME = AppIcon;
				ASSETCATALOG_COMPILER_GLOBAL_ACCENT_COLOR_NAME = AccentColor;
				CODE_SIGN_STYLE = Automatic;
				DEVELOPMENT_TEAM = FAJ4V9RHA6;
				INFOPLIST_FILE = TestGitHubProj/Info.plist;
				LD_RUNPATH_SEARCH_PATHS = (
					"$(inherited)",
					"@executable_path/Frameworks",
				);
				PRODUCT_BUNDLE_IDENTIFIER = com.oleksii.kolomiiets.TestGitHubProj;
				PRODUCT_NAME = "$(TARGET_NAME)";
				SWIFT_VERSION = 5.0;
				TARGETED_DEVICE_FAMILY = "1,2";
			};
			name = Release;
		};
/* End XCBuildConfiguration section */

/* Begin XCConfigurationList section */
		495472E0251F191E0022AD8E /* Build configuration list for PBXProject "TestGitHubProj" */ = {
			isa = XCConfigurationList;
			buildConfigurations = (
				495472F7251F19260022AD8E /* Debug */,
				495472F8251F19260022AD8E /* Release */,
			);
			defaultConfigurationIsVisible = 0;
			defaultConfigurationName = Release;
		};
		495472F9251F19260022AD8E /* Build configuration list for PBXNativeTarget "TestGitHubProj" */ = {
			isa = XCConfigurationList;
			buildConfigurations = (
				495472FA251F19260022AD8E /* Debug */,
				495472FB251F19260022AD8E /* Release */,
			);
			defaultConfigurationIsVisible = 0;
			defaultConfigurationName = Release;
		};
/* End XCConfigurationList section */
	};
	rootObject = 495472DD251F191E0022AD8E /* Project object */;
}
